// !$*UTF8*$!
{
	archiveVersion = 1;
	classes = {
	};
	objectVersion = 56;
	objects = {

/* Begin PBXBuildFile section */
		E6021BF42C5C5E16006343E3 /* ViewController+CoreData.swift in Sources */ = {isa = PBXBuildFile; fileRef = E6021BF32C5C5E16006343E3 /* ViewController+CoreData.swift */; };
		E64C22532C6305F30015602D /* ConsolesManager.swift in Sources */ = {isa = PBXBuildFile; fileRef = E64C22522C6305F30015602D /* ConsolesManager.swift */; };
		E6656DE62C55850D00E0DD57 /* GamesTableViewController.swift in Sources */ = {isa = PBXBuildFile; fileRef = E6656DE52C55850D00E0DD57 /* GamesTableViewController.swift */; };
		E6656DE82C55853300E0DD57 /* ConsolesTableViewController.swift in Sources */ = {isa = PBXBuildFile; fileRef = E6656DE72C55853300E0DD57 /* ConsolesTableViewController.swift */; };
		E6656DEA2C55858E00E0DD57 /* GameViewController.swift in Sources */ = {isa = PBXBuildFile; fileRef = E6656DE92C55858E00E0DD57 /* GameViewController.swift */; };
		E6656DEC2C5585AF00E0DD57 /* AddEditViewController.swift in Sources */ = {isa = PBXBuildFile; fileRef = E6656DEB2C5585AF00E0DD57 /* AddEditViewController.swift */; };
		E66A054B2C5587B300B3DC04 /* GameTableViewCell.swift in Sources */ = {isa = PBXBuildFile; fileRef = E66A054A2C5587B300B3DC04 /* GameTableViewCell.swift */; };
		E6B3C5A12C4F252D00CD07C1 /* AppDelegate.swift in Sources */ = {isa = PBXBuildFile; fileRef = E6B3C5A02C4F252D00CD07C1 /* AppDelegate.swift */; };
		E6B3C5A32C4F252D00CD07C1 /* SceneDelegate.swift in Sources */ = {isa = PBXBuildFile; fileRef = E6B3C5A22C4F252D00CD07C1 /* SceneDelegate.swift */; };
		E6B3C5A52C4F252D00CD07C1 /* ViewController.swift in Sources */ = {isa = PBXBuildFile; fileRef = E6B3C5A42C4F252D00CD07C1 /* ViewController.swift */; };
		E6B3C5A82C4F252D00CD07C1 /* Base in Resources */ = {isa = PBXBuildFile; fileRef = E6B3C5A72C4F252D00CD07C1 /* Base */; };
		E6B3C5AB2C4F252D00CD07C1 /* MyGames.xcdatamodeld in Sources */ = {isa = PBXBuildFile; fileRef = E6B3C5A92C4F252D00CD07C1 /* MyGames.xcdatamodeld */; };
		E6B3C5B02C4F252E00CD07C1 /* Base in Resources */ = {isa = PBXBuildFile; fileRef = E6B3C5AF2C4F252E00CD07C1 /* Base */; };
		E6C76A292C533389009BDF52 /* Media.xcassets in Resources */ = {isa = PBXBuildFile; fileRef = E6C76A282C533389009BDF52 /* Media.xcassets */; };
/* End PBXBuildFile section */

/* Begin PBXFileReference section */
		E6021BF32C5C5E16006343E3 /* ViewController+CoreData.swift */ = {isa = PBXFileReference; lastKnownFileType = sourcecode.swift; path = "ViewController+CoreData.swift"; sourceTree = "<group>"; };
		E64C22522C6305F30015602D /* ConsolesManager.swift */ = {isa = PBXFileReference; lastKnownFileType = sourcecode.swift; path = ConsolesManager.swift; sourceTree = "<group>"; };
		E6656DE52C55850D00E0DD57 /* GamesTableViewController.swift */ = {isa = PBXFileReference; lastKnownFileType = sourcecode.swift; path = GamesTableViewController.swift; sourceTree = "<group>"; };
		E6656DE72C55853300E0DD57 /* ConsolesTableViewController.swift */ = {isa = PBXFileReference; lastKnownFileType = sourcecode.swift; path = ConsolesTableViewController.swift; sourceTree = "<group>"; };
		E6656DE92C55858E00E0DD57 /* GameViewController.swift */ = {isa = PBXFileReference; lastKnownFileType = sourcecode.swift; path = GameViewController.swift; sourceTree = "<group>"; };
		E6656DEB2C5585AF00E0DD57 /* AddEditViewController.swift */ = {isa = PBXFileReference; lastKnownFileType = sourcecode.swift; path = AddEditViewController.swift; sourceTree = "<group>"; };
		E66A054A2C5587B300B3DC04 /* GameTableViewCell.swift */ = {isa = PBXFileReference; lastKnownFileType = sourcecode.swift; path = GameTableViewCell.swift; sourceTree = "<group>"; };
		E6B3C59D2C4F252C00CD07C1 /* MyGames.app */ = {isa = PBXFileReference; explicitFileType = wrapper.application; includeInIndex = 0; path = MyGames.app; sourceTree = BUILT_PRODUCTS_DIR; };
		E6B3C5A02C4F252D00CD07C1 /* AppDelegate.swift */ = {isa = PBXFileReference; lastKnownFileType = sourcecode.swift; path = AppDelegate.swift; sourceTree = "<group>"; };
		E6B3C5A22C4F252D00CD07C1 /* SceneDelegate.swift */ = {isa = PBXFileReference; lastKnownFileType = sourcecode.swift; path = SceneDelegate.swift; sourceTree = "<group>"; };
		E6B3C5A42C4F252D00CD07C1 /* ViewController.swift */ = {isa = PBXFileReference; lastKnownFileType = sourcecode.swift; path = ViewController.swift; sourceTree = "<group>"; };
		E6B3C5A72C4F252D00CD07C1 /* Base */ = {isa = PBXFileReference; lastKnownFileType = file.storyboard; name = Base; path = Base.lproj/Main.storyboard; sourceTree = "<group>"; };
		E6B3C5AA2C4F252D00CD07C1 /* MyGames.xcdatamodel */ = {isa = PBXFileReference; lastKnownFileType = wrapper.xcdatamodel; path = MyGames.xcdatamodel; sourceTree = "<group>"; };
		E6B3C5AF2C4F252E00CD07C1 /* Base */ = {isa = PBXFileReference; lastKnownFileType = file.storyboard; name = Base; path = Base.lproj/LaunchScreen.storyboard; sourceTree = "<group>"; };
		E6B3C5B12C4F252E00CD07C1 /* Info.plist */ = {isa = PBXFileReference; lastKnownFileType = text.plist.xml; path = Info.plist; sourceTree = "<group>"; };
		E6C76A282C533389009BDF52 /* Media.xcassets */ = {isa = PBXFileReference; lastKnownFileType = folder.assetcatalog; path = Media.xcassets; sourceTree = "<group>"; };
/* End PBXFileReference section */

/* Begin PBXFrameworksBuildPhase section */
		E6B3C59A2C4F252C00CD07C1 /* Frameworks */ = {
			isa = PBXFrameworksBuildPhase;
			buildActionMask = 2147483647;
			files = (
			);
			runOnlyForDeploymentPostprocessing = 0;
		};
/* End PBXFrameworksBuildPhase section */

/* Begin PBXGroup section */
		E6B3C5942C4F252C00CD07C1 = {
			isa = PBXGroup;
			children = (
				E6B3C59F2C4F252C00CD07C1 /* MyGames */,
				E6B3C59E2C4F252C00CD07C1 /* Products */,
			);
			sourceTree = "<group>";
		};
		E6B3C59E2C4F252C00CD07C1 /* Products */ = {
			isa = PBXGroup;
			children = (
				E6B3C59D2C4F252C00CD07C1 /* MyGames.app */,
			);
			name = Products;
			sourceTree = "<group>";
		};
		E6B3C59F2C4F252C00CD07C1 /* MyGames */ = {
			isa = PBXGroup;
			children = (
				E6B3C5A02C4F252D00CD07C1 /* AppDelegate.swift */,
				E6B3C5A22C4F252D00CD07C1 /* SceneDelegate.swift */,
				E6B3C5A42C4F252D00CD07C1 /* ViewController.swift */,
				E6B3C5A62C4F252D00CD07C1 /* Main.storyboard */,
				E66A054A2C5587B300B3DC04 /* GameTableViewCell.swift */,
				E6656DEB2C5585AF00E0DD57 /* AddEditViewController.swift */,
				E6021BF32C5C5E16006343E3 /* ViewController+CoreData.swift */,
				E6656DE92C55858E00E0DD57 /* GameViewController.swift */,
				E6656DE72C55853300E0DD57 /* ConsolesTableViewController.swift */,
				E64C22522C6305F30015602D /* ConsolesManager.swift */,
				E6656DE52C55850D00E0DD57 /* GamesTableViewController.swift */,
				E6C76A282C533389009BDF52 /* Media.xcassets */,
				E6B3C5AE2C4F252E00CD07C1 /* LaunchScreen.storyboard */,
				E6B3C5B12C4F252E00CD07C1 /* Info.plist */,
				E6B3C5A92C4F252D00CD07C1 /* MyGames.xcdatamodeld */,
			);
			path = MyGames;
			sourceTree = "<group>";
		};
/* End PBXGroup section */

/* Begin PBXNativeTarget section */
		E6B3C59C2C4F252C00CD07C1 /* MyGames */ = {
			isa = PBXNativeTarget;
			buildConfigurationList = E6B3C5B42C4F252E00CD07C1 /* Build configuration list for PBXNativeTarget "MyGames" */;
			buildPhases = (
				E6B3C5992C4F252C00CD07C1 /* Sources */,
				E6B3C59A2C4F252C00CD07C1 /* Frameworks */,
				E6B3C59B2C4F252C00CD07C1 /* Resources */,
			);
			buildRules = (
			);
			dependencies = (
			);
			name = MyGames;
			productName = MyGames;
			productReference = E6B3C59D2C4F252C00CD07C1 /* MyGames.app */;
			productType = "com.apple.product-type.application";
		};
/* End PBXNativeTarget section */

/* Begin PBXProject section */
		E6B3C5952C4F252C00CD07C1 /* Project object */ = {
			isa = PBXProject;
			attributes = {
				BuildIndependentTargetsInParallel = 1;
				LastSwiftUpdateCheck = 1540;
				LastUpgradeCheck = 1540;
				TargetAttributes = {
					E6B3C59C2C4F252C00CD07C1 = {
						CreatedOnToolsVersion = 15.4;
					};
				};
			};
			buildConfigurationList = E6B3C5982C4F252C00CD07C1 /* Build configuration list for PBXProject "MyGames" */;
			compatibilityVersion = "Xcode 14.0";
			developmentRegion = en;
			hasScannedForEncodings = 0;
			knownRegions = (
				en,
				Base,
			);
			mainGroup = E6B3C5942C4F252C00CD07C1;
			productRefGroup = E6B3C59E2C4F252C00CD07C1 /* Products */;
			projectDirPath = "";
			projectRoot = "";
			targets = (
				E6B3C59C2C4F252C00CD07C1 /* MyGames */,
			);
		};
/* End PBXProject section */

/* Begin PBXResourcesBuildPhase section */
		E6B3C59B2C4F252C00CD07C1 /* Resources */ = {
			isa = PBXResourcesBuildPhase;
			buildActionMask = 2147483647;
			files = (
				E6B3C5B02C4F252E00CD07C1 /* Base in Resources */,
				E6C76A292C533389009BDF52 /* Media.xcassets in Resources */,
				E6B3C5A82C4F252D00CD07C1 /* Base in Resources */,
			);
			runOnlyForDeploymentPostprocessing = 0;
		};
/* End PBXResourcesBuildPhase section */

/* Begin PBXSourcesBuildPhase section */
		E6B3C5992C4F252C00CD07C1 /* Sources */ = {
			isa = PBXSourcesBuildPhase;
			buildActionMask = 2147483647;
			files = (
				E6656DEA2C55858E00E0DD57 /* GameViewController.swift in Sources */,
				E6B3C5A52C4F252D00CD07C1 /* ViewController.swift in Sources */,
				E66A054B2C5587B300B3DC04 /* GameTableViewCell.swift in Sources */,
				E6B3C5A12C4F252D00CD07C1 /* AppDelegate.swift in Sources */,
				E6B3C5A32C4F252D00CD07C1 /* SceneDelegate.swift in Sources */,
				E6656DEC2C5585AF00E0DD57 /* AddEditViewController.swift in Sources */,
				E6656DE82C55853300E0DD57 /* ConsolesTableViewController.swift in Sources */,
				E6656DE62C55850D00E0DD57 /* GamesTableViewController.swift in Sources */,
				E64C22532C6305F30015602D /* ConsolesManager.swift in Sources */,
				E6B3C5AB2C4F252D00CD07C1 /* MyGames.xcdatamodeld in Sources */,
				E6021BF42C5C5E16006343E3 /* ViewController+CoreData.swift in Sources */,
			);
			runOnlyForDeploymentPostprocessing = 0;
		};
/* End PBXSourcesBuildPhase section */

/* Begin PBXVariantGroup section */
		E6B3C5A62C4F252D00CD07C1 /* Main.storyboard */ = {
			isa = PBXVariantGroup;
			children = (
				E6B3C5A72C4F252D00CD07C1 /* Base */,
			);
			name = Main.storyboard;
			sourceTree = "<group>";
		};
		E6B3C5AE2C4F252E00CD07C1 /* LaunchScreen.storyboard */ = {
			isa = PBXVariantGroup;
			children = (
				E6B3C5AF2C4F252E00CD07C1 /* Base */,
			);
			name = LaunchScreen.storyboard;
			sourceTree = "<group>";
		};
/* End PBXVariantGroup section */

/* Begin XCBuildConfiguration section */
		E6B3C5B22C4F252E00CD07C1 /* Debug */ = {
			isa = XCBuildConfiguration;
			buildSettings = {
				ALWAYS_SEARCH_USER_PATHS = NO;
				ASSETCATALOG_COMPILER_GENERATE_SWIFT_ASSET_SYMBOL_EXTENSIONS = YES;
				CLANG_ANALYZER_NONNULL = YES;
				CLANG_ANALYZER_NUMBER_OBJECT_CONVERSION = YES_AGGRESSIVE;
				CLANG_CXX_LANGUAGE_STANDARD = "gnu++20";
				CLANG_ENABLE_MODULES = YES;
				CLANG_ENABLE_OBJC_ARC = YES;
				CLANG_ENABLE_OBJC_WEAK = YES;
				CLANG_WARN_BLOCK_CAPTURE_AUTORELEASING = YES;
				CLANG_WARN_BOOL_CONVERSION = YES;
				CLANG_WARN_COMMA = YES;
				CLANG_WARN_CONSTANT_CONVERSION = YES;
				CLANG_WARN_DEPRECATED_OBJC_IMPLEMENTATIONS = YES;
				CLANG_WARN_DIRECT_OBJC_ISA_USAGE = YES_ERROR;
				CLANG_WARN_DOCUMENTATION_COMMENTS = YES;
				CLANG_WARN_EMPTY_BODY = YES;
				CLANG_WARN_ENUM_CONVERSION = YES;
				CLANG_WARN_INFINITE_RECURSION = YES;
				CLANG_WARN_INT_CONVERSION = YES;
				CLANG_WARN_NON_LITERAL_NULL_CONVERSION = YES;
				CLANG_WARN_OBJC_IMPLICIT_RETAIN_SELF = YES;
				CLANG_WARN_OBJC_LITERAL_CONVERSION = YES;
				CLANG_WARN_OBJC_ROOT_CLASS = YES_ERROR;
				CLANG_WARN_QUOTED_INCLUDE_IN_FRAMEWORK_HEADER = YES;
				CLANG_WARN_RANGE_LOOP_ANALYSIS = YES;
				CLANG_WARN_STRICT_PROTOTYPES = YES;
				CLANG_WARN_SUSPICIOUS_MOVE = YES;
				CLANG_WARN_UNGUARDED_AVAILABILITY = YES_AGGRESSIVE;
				CLANG_WARN_UNREACHABLE_CODE = YES;
				CLANG_WARN__DUPLICATE_METHOD_MATCH = YES;
				COPY_PHASE_STRIP = NO;
				DEBUG_INFORMATION_FORMAT = dwarf;
				ENABLE_STRICT_OBJC_MSGSEND = YES;
				ENABLE_TESTABILITY = YES;
				ENABLE_USER_SCRIPT_SANDBOXING = YES;
				GCC_C_LANGUAGE_STANDARD = gnu17;
				GCC_DYNAMIC_NO_PIC = NO;
				GCC_NO_COMMON_BLOCKS = YES;
				GCC_OPTIMIZATION_LEVEL = 0;
				GCC_PREPROCESSOR_DEFINITIONS = (
					"DEBUG=1",
					"$(inherited)",
				);
				GCC_WARN_64_TO_32_BIT_CONVERSION = YES;
				GCC_WARN_ABOUT_RETURN_TYPE = YES_ERROR;
				GCC_WARN_UNDECLARED_SELECTOR = YES;
				GCC_WARN_UNINITIALIZED_AUTOS = YES_AGGRESSIVE;
				GCC_WARN_UNUSED_FUNCTION = YES;
				GCC_WARN_UNUSED_VARIABLE = YES;
				IPHONEOS_DEPLOYMENT_TARGET = 17.5;
				LOCALIZATION_PREFERS_STRING_CATALOGS = YES;
				MTL_ENABLE_DEBUG_INFO = INCLUDE_SOURCE;
				MTL_FAST_MATH = YES;
				ONLY_ACTIVE_ARCH = YES;
				SDKROOT = iphoneos;
				SWIFT_ACTIVE_COMPILATION_CONDITIONS = "DEBUG $(inherited)";
				SWIFT_OPTIMIZATION_LEVEL = "-Onone";
			};
			name = Debug;
		};
		E6B3C5B32C4F252E00CD07C1 /* Release */ = {
			isa = XCBuildConfiguration;
			buildSettings = {
				ALWAYS_SEARCH_USER_PATHS = NO;
				ASSETCATALOG_COMPILER_GENERATE_SWIFT_ASSET_SYMBOL_EXTENSIONS = YES;
				CLANG_ANALYZER_NONNULL = YES;
				CLANG_ANALYZER_NUMBER_OBJECT_CONVERSION = YES_AGGRESSIVE;
				CLANG_CXX_LANGUAGE_STANDARD = "gnu++20";
				CLANG_ENABLE_MODULES = YES;
				CLANG_ENABLE_OBJC_ARC = YES;
				CLANG_ENABLE_OBJC_WEAK = YES;
				CLANG_WARN_BLOCK_CAPTURE_AUTORELEASING = YES;
				CLANG_WARN_BOOL_CONVERSION = YES;
				CLANG_WARN_COMMA = YES;
				CLANG_WARN_CONSTANT_CONVERSION = YES;
				CLANG_WARN_DEPRECATED_OBJC_IMPLEMENTATIONS = YES;
				CLANG_WARN_DIRECT_OBJC_ISA_USAGE = YES_ERROR;
				CLANG_WARN_DOCUMENTATION_COMMENTS = YES;
				CLANG_WARN_EMPTY_BODY = YES;
				CLANG_WARN_ENUM_CONVERSION = YES;
				CLANG_WARN_INFINITE_RECURSION = YES;
				CLANG_WARN_INT_CONVERSION = YES;
				CLANG_WARN_NON_LITERAL_NULL_CONVERSION = YES;
				CLANG_WARN_OBJC_IMPLICIT_RETAIN_SELF = YES;
				CLANG_WARN_OBJC_LITERAL_CONVERSION = YES;
				CLANG_WARN_OBJC_ROOT_CLASS = YES_ERROR;
				CLANG_WARN_QUOTED_INCLUDE_IN_FRAMEWORK_HEADER = YES;
				CLANG_WARN_RANGE_LOOP_ANALYSIS = YES;
				CLANG_WARN_STRICT_PROTOTYPES = YES;
				CLANG_WARN_SUSPICIOUS_MOVE = YES;
				CLANG_WARN_UNGUARDED_AVAILABILITY = YES_AGGRESSIVE;
				CLANG_WARN_UNREACHABLE_CODE = YES;
				CLANG_WARN__DUPLICATE_METHOD_MATCH = YES;
				COPY_PHASE_STRIP = NO;
				DEBUG_INFORMATION_FORMAT = "dwarf-with-dsym";
				ENABLE_NS_ASSERTIONS = NO;
				ENABLE_STRICT_OBJC_MSGSEND = YES;
				ENABLE_USER_SCRIPT_SANDBOXING = YES;
				GCC_C_LANGUAGE_STANDARD = gnu17;
				GCC_NO_COMMON_BLOCKS = YES;
				GCC_WARN_64_TO_32_BIT_CONVERSION = YES;
				GCC_WARN_ABOUT_RETURN_TYPE = YES_ERROR;
				GCC_WARN_UNDECLARED_SELECTOR = YES;
				GCC_WARN_UNINITIALIZED_AUTOS = YES_AGGRESSIVE;
				GCC_WARN_UNUSED_FUNCTION = YES;
				GCC_WARN_UNUSED_VARIABLE = YES;
				IPHONEOS_DEPLOYMENT_TARGET = 17.5;
				LOCALIZATION_PREFERS_STRING_CATALOGS = YES;
				MTL_ENABLE_DEBUG_INFO = NO;
				MTL_FAST_MATH = YES;
				SDKROOT = iphoneos;
				SWIFT_COMPILATION_MODE = wholemodule;
				VALIDATE_PRODUCT = YES;
			};
			name = Release;
		};
		E6B3C5B52C4F252E00CD07C1 /* Debug */ = {
			isa = XCBuildConfiguration;
			buildSettings = {
				ASSETCATALOG_COMPILER_APPICON_NAME = AppIcon;
				ASSETCATALOG_COMPILER_GLOBAL_ACCENT_COLOR_NAME = AccentColor;
				CODE_SIGN_STYLE = Automatic;
				CURRENT_PROJECT_VERSION = 1;
				DEVELOPMENT_TEAM = 6NN4CR75QJ;
				GENERATE_INFOPLIST_FILE = YES;
				INFOPLIST_FILE = MyGames/Info.plist;
				INFOPLIST_KEY_UIApplicationSupportsIndirectInputEvents = YES;
				INFOPLIST_KEY_UILaunchStoryboardName = LaunchScreen;
				INFOPLIST_KEY_UIMainStoryboardFile = Main;
				INFOPLIST_KEY_UISupportedInterfaceOrientations = UIInterfaceOrientationPortrait;
				INFOPLIST_KEY_UISupportedInterfaceOrientations_iPad = "UIInterfaceOrientationLandscapeLeft UIInterfaceOrientationLandscapeRight UIInterfaceOrientationPortrait UIInterfaceOrientationPortraitUpsideDown";
				LD_RUNPATH_SEARCH_PATHS = (
					"$(inherited)",
					"@executable_path/Frameworks",
				);
				MARKETING_VERSION = 1.0;
				PRODUCT_BUNDLE_IDENTIFIER = "Eduardo-Frederico.MyGames";
				PRODUCT_NAME = "$(TARGET_NAME)";
				SUPPORTED_PLATFORMS = "iphoneos iphonesimulator";
				SUPPORTS_MACCATALYST = NO;
				SUPPORTS_MAC_DESIGNED_FOR_IPHONE_IPAD = NO;
				SUPPORTS_XR_DESIGNED_FOR_IPHONE_IPAD = NO;
				SWIFT_EMIT_LOC_STRINGS = YES;
				SWIFT_VERSION = 5.0;
				TARGETED_DEVICE_FAMILY = 1;
			};
			name = Debug;
		};
		E6B3C5B62C4F252E00CD07C1 /* Release */ = {
			isa = XCBuildConfiguration;
			buildSettings = {
				ASSETCATALOG_COMPILER_APPICON_NAME = AppIcon;
				ASSETCATALOG_COMPILER_GLOBAL_ACCENT_COLOR_NAME = AccentColor;
				CODE_SIGN_STYLE = Automatic;
				CURRENT_PROJECT_VERSION = 1;
				DEVELOPMENT_TEAM = 6NN4CR75QJ;
				GENERATE_INFOPLIST_FILE = YES;
				INFOPLIST_FILE = MyGames/Info.plist;
				INFOPLIST_KEY_UIApplicationSupportsIndirectInputEvents = YES;
				INFOPLIST_KEY_UILaunchStoryboardName = LaunchScreen;
				INFOPLIST_KEY_UIMainStoryboardFile = Main;
				INFOPLIST_KEY_UISupportedInterfaceOrientations = UIInterfaceOrientationPortrait;
				INFOPLIST_KEY_UISupportedInterfaceOrientations_iPad = "UIInterfaceOrientationLandscapeLeft UIInterfaceOrientationLandscapeRight UIInterfaceOrientationPortrait UIInterfaceOrientationPortraitUpsideDown";
				LD_RUNPATH_SEARCH_PATHS = (
					"$(inherited)",
					"@executable_path/Frameworks",
				);
				MARKETING_VERSION = 1.0;
				PRODUCT_BUNDLE_IDENTIFIER = "Eduardo-Frederico.MyGames";
				PRODUCT_NAME = "$(TARGET_NAME)";
				SUPPORTED_PLATFORMS = "iphoneos iphonesimulator";
				SUPPORTS_MACCATALYST = NO;
				SUPPORTS_MAC_DESIGNED_FOR_IPHONE_IPAD = NO;
				SUPPORTS_XR_DESIGNED_FOR_IPHONE_IPAD = NO;
				SWIFT_EMIT_LOC_STRINGS = YES;
				SWIFT_VERSION = 5.0;
				TARGETED_DEVICE_FAMILY = 1;
			};
			name = Release;
		};
/* End XCBuildConfiguration section */

/* Begin XCConfigurationList section */
		E6B3C5982C4F252C00CD07C1 /* Build configuration list for PBXProject "MyGames" */ = {
			isa = XCConfigurationList;
			buildConfigurations = (
				E6B3C5B22C4F252E00CD07C1 /* Debug */,
				E6B3C5B32C4F252E00CD07C1 /* Release */,
			);
			defaultConfigurationIsVisible = 0;
			defaultConfigurationName = Release;
		};
		E6B3C5B42C4F252E00CD07C1 /* Build configuration list for PBXNativeTarget "MyGames" */ = {
			isa = XCConfigurationList;
			buildConfigurations = (
				E6B3C5B52C4F252E00CD07C1 /* Debug */,
				E6B3C5B62C4F252E00CD07C1 /* Release */,
			);
			defaultConfigurationIsVisible = 0;
			defaultConfigurationName = Release;
		};
/* End XCConfigurationList section */

/* Begin XCVersionGroup section */
		E6B3C5A92C4F252D00CD07C1 /* MyGames.xcdatamodeld */ = {
			isa = XCVersionGroup;
			children = (
				E6B3C5AA2C4F252D00CD07C1 /* MyGames.xcdatamodel */,
			);
			currentVersion = E6B3C5AA2C4F252D00CD07C1 /* MyGames.xcdatamodel */;
			path = MyGames.xcdatamodeld;
			sourceTree = "<group>";
			versionGroupType = wrapper.xcdatamodel;
		};
/* End XCVersionGroup section */
	};
	rootObject = E6B3C5952C4F252C00CD07C1 /* Project object */;
}
